
Microsoft Visual Studio Solution File, Format Version 12.00
# Visual Studio Version 16
VisualStudioVersion = 16.0.28917.182
MinimumVisualStudioVersion = 10.0.40219.1
Project("{FAE04EC0-301F-11D3-BF4B-00C04F79EFBC}") = "Web", "Web\Web.csproj", "{4AEB45D9-1CFA-4836-A6D2-F98FEAFC8C99}"
EndProject
Project("{FAE04EC0-301F-11D3-BF4B-00C04F79EFBC}") = "Common", "Common\Common.csproj", "{A3174860-70A9-4CA1-A20D-17C46596601D}"
EndProject
Project("{FAE04EC0-301F-11D3-BF4B-00C04F79EFBC}") = "Api", "Api\Api.csproj", "{B2A9C791-0B79-4305-978C-38E568C97EB0}"
EndProject
Global
	GlobalSection(SolutionConfigurationPlatforms) = preSolution
		Debug|Any CPU = Debug|Any CPU
		Release|Any CPU = Release|Any CPU
	EndGlobalSection
	GlobalSection(ProjectConfigurationPlatforms) = postSolution
		{4AEB45D9-1CFA-4836-A6D2-F98FEAFC8C99}.Debug|Any CPU.ActiveCfg = Debug|Any CPU
		{4AEB45D9-1CFA-4836-A6D2-F98FEAFC8C99}.Debug|Any CPU.Build.0 = Debug|Any CPU
		{4AEB45D9-1CFA-4836-A6D2-F98FEAFC8C99}.Release|Any CPU.ActiveCfg = Release|Any CPU
		{4AEB45D9-1CFA-4836-A6D2-F98FEAFC8C99}.Release|Any CPU.Build.0 = Release|Any CPU
		{A3174860-70A9-4CA1-A20D-17C46596601D}.Debug|Any CPU.ActiveCfg = Debug|Any CPU
		{A3174860-70A9-4CA1-A20D-17C46596601D}.Debug|Any CPU.Build.0 = Debug|Any CPU
		{A3174860-70A9-4CA1-A20D-17C46596601D}.Release|Any CPU.ActiveCfg = Release|Any CPU
		{A3174860-70A9-4CA1-A20D-17C46596601D}.Release|Any CPU.Build.0 = Release|Any CPU
		{B2A9C791-0B79-4305-978C-38E568C97EB0}.Debug|Any CPU.ActiveCfg = Debug|Any CPU
		{B2A9C791-0B79-4305-978C-38E568C97EB0}.Debug|Any CPU.Build.0 = Debug|Any CPU
		{B2A9C791-0B79-4305-978C-38E568C97EB0}.Release|Any CPU.ActiveCfg = Release|Any CPU
		{B2A9C791-0B79-4305-978C-38E568C97EB0}.Release|Any CPU.Build.0 = Release|Any CPU
	EndGlobalSection
	GlobalSection(SolutionProperties) = preSolution
		HideSolutionNode = FALSE
	EndGlobalSection
	GlobalSection(ExtensibilityGlobals) = postSolution
		SolutionGuid = {D7D2F84F-7E5B-48E6-8670-530D1771896F}
	EndGlobalSection
EndGlobal
